
Microsoft Visual Studio Solution File, Format Version 12.00
# Visual Studio Version 16
VisualStudioVersion = 16.0.30611.23
MinimumVisualStudioVersion = 10.0.40219.1
Project("{9A19103F-16F7-4668-BE54-9A1E7A4F7556}") = "EmployeeApi", "EmployeeApi\EmployeeApi.csproj", "{55B07089-4C84-489B-8219-4218A4C7ABF9}"
EndProject
Project("{9A19103F-16F7-4668-BE54-9A1E7A4F7556}") = "Core", "Core\Core.csproj", "{4286C413-BB25-4B2E-8EEF-AA5B07C6FFB4}"
EndProject
Project("{9A19103F-16F7-4668-BE54-9A1E7A4F7556}") = "Tests", "Tests\Tests.csproj", "{134A9CF0-B4A3-43DB-8C67-3FCD33218A43}"
EndProject
Project("{2150E333-8FDC-42A3-9474-1A3956D46DE8}") = "SolutionItems", "SolutionItems", "{D2BA06DA-94D2-4A64-B702-03BD0FF0AE9F}"
	ProjectSection(SolutionItems) = preProject
		..\.gitignore = ..\.gitignore
		..\README.md = ..\README.md
	EndProjectSection
EndProject
Global
	GlobalSection(SolutionConfigurationPlatforms) = preSolution
		Debug|Any CPU = Debug|Any CPU
		Release|Any CPU = Release|Any CPU
	EndGlobalSection
	GlobalSection(ProjectConfigurationPlatforms) = postSolution
		{55B07089-4C84-489B-8219-4218A4C7ABF9}.Debug|Any CPU.ActiveCfg = Debug|Any CPU
		{55B07089-4C84-489B-8219-4218A4C7ABF9}.Debug|Any CPU.Build.0 = Debug|Any CPU
		{55B07089-4C84-489B-8219-4218A4C7ABF9}.Release|Any CPU.ActiveCfg = Release|Any CPU
		{55B07089-4C84-489B-8219-4218A4C7ABF9}.Release|Any CPU.Build.0 = Release|Any CPU
		{4286C413-BB25-4B2E-8EEF-AA5B07C6FFB4}.Debug|Any CPU.ActiveCfg = Debug|Any CPU
		{4286C413-BB25-4B2E-8EEF-AA5B07C6FFB4}.Debug|Any CPU.Build.0 = Debug|Any CPU
		{4286C413-BB25-4B2E-8EEF-AA5B07C6FFB4}.Release|Any CPU.ActiveCfg = Release|Any CPU
		{4286C413-BB25-4B2E-8EEF-AA5B07C6FFB4}.Release|Any CPU.Build.0 = Release|Any CPU
		{134A9CF0-B4A3-43DB-8C67-3FCD33218A43}.Debug|Any CPU.ActiveCfg = Debug|Any CPU
		{134A9CF0-B4A3-43DB-8C67-3FCD33218A43}.Debug|Any CPU.Build.0 = Debug|Any CPU
		{134A9CF0-B4A3-43DB-8C67-3FCD33218A43}.Release|Any CPU.ActiveCfg = Release|Any CPU
		{134A9CF0-B4A3-43DB-8C67-3FCD33218A43}.Release|Any CPU.Build.0 = Release|Any CPU
	EndGlobalSection
	GlobalSection(SolutionProperties) = preSolution
		HideSolutionNode = FALSE
	EndGlobalSection
	GlobalSection(ExtensibilityGlobals) = postSolution
		SolutionGuid = {1CD57E7D-1601-4B91-A53C-F44C4AEA1662}
	EndGlobalSection
EndGlobal
